
Microsoft Visual Studio Solution File, Format Version 12.00
# Visual Studio Version 16
VisualStudioVersion = 16.0.30114.105
MinimumVisualStudioVersion = 10.0.40219.1
Project("{FAE04EC0-301F-11D3-BF4B-00C04F79EFBC}") = "MyFirstConsoleApp", "MyFirstConsoleApp.csproj", "{DDDDDAEE-2143-4564-8D58-06D2D602033F}"
EndProject
Global
	GlobalSection(SolutionConfigurationPlatforms) = preSolution
		Debug|Any CPU = Debug|Any CPU
		Release|Any CPU = Release|Any CPU
	EndGlobalSection
	GlobalSection(ProjectConfigurationPlatforms) = postSolution
		{DDDDDAEE-2143-4564-8D58-06D2D602033F}.Debug|Any CPU.ActiveCfg = Debug|Any CPU
		{DDDDDAEE-2143-4564-8D58-06D2D602033F}.Debug|Any CPU.Build.0 = Debug|Any CPU
		{DDDDDAEE-2143-4564-8D58-06D2D602033F}.Release|Any CPU.ActiveCfg = Release|Any CPU
		{DDDDDAEE-2143-4564-8D58-06D2D602033F}.Release|Any CPU.Build.0 = Release|Any CPU
	EndGlobalSection
	GlobalSection(SolutionProperties) = preSolution
		HideSolutionNode = FALSE
	EndGlobalSection
	GlobalSection(ExtensibilityGlobals) = postSolution
		SolutionGuid = {E59FC59C-24EB-4AEE-90AB-D668D4B767C0}
	EndGlobalSection
EndGlobal
